
Microsoft Visual Studio Solution File, Format Version 12.00
# Visual Studio 15
VisualStudioVersion = 15.0.28307.757
MinimumVisualStudioVersion = 10.0.40219.1
Project("{FAE04EC0-301F-11D3-BF4B-00C04F79EFBC}") = "BL", "BL\BL.csproj", "{1986A3ED-7597-4CF3-80F8-E3AA7270090C}"
EndProject
Project("{FAE04EC0-301F-11D3-BF4B-00C04F79EFBC}") = "DAL", "DAL\DAL.csproj", "{331DAFFB-3AC1-4F57-A512-BA5275B78A89}"
EndProject
Project("{FAE04EC0-301F-11D3-BF4B-00C04F79EFBC}") = "PL", "PL\PL.csproj", "{BFBB9D3A-E337-445B-943A-979548EF4117}"
EndProject
Project("{2150E333-8FDC-42A3-9474-1A3956D46DE8}") = "Interfaces", "Interfaces", "{709FBF89-9BD4-4686-96C0-A884F9F24703}"
EndProject
Project("{FAE04EC0-301F-11D3-BF4B-00C04F79EFBC}") = "WebApplication2", "WebApplication2\WebApplication2.csproj", "{A676FFFA-FA14-4869-8F09-488E5110E318}"
EndProject
Global
	GlobalSection(SolutionConfigurationPlatforms) = preSolution
		Debug|Any CPU = Debug|Any CPU
		Release|Any CPU = Release|Any CPU
	EndGlobalSection
	GlobalSection(ProjectConfigurationPlatforms) = postSolution
		{1986A3ED-7597-4CF3-80F8-E3AA7270090C}.Debug|Any CPU.ActiveCfg = Debug|Any CPU
		{1986A3ED-7597-4CF3-80F8-E3AA7270090C}.Debug|Any CPU.Build.0 = Debug|Any CPU
		{1986A3ED-7597-4CF3-80F8-E3AA7270090C}.Release|Any CPU.ActiveCfg = Release|Any CPU
		{1986A3ED-7597-4CF3-80F8-E3AA7270090C}.Release|Any CPU.Build.0 = Release|Any CPU
		{331DAFFB-3AC1-4F57-A512-BA5275B78A89}.Debug|Any CPU.ActiveCfg = Debug|Any CPU
		{331DAFFB-3AC1-4F57-A512-BA5275B78A89}.Debug|Any CPU.Build.0 = Debug|Any CPU
		{331DAFFB-3AC1-4F57-A512-BA5275B78A89}.Release|Any CPU.ActiveCfg = Release|Any CPU
		{331DAFFB-3AC1-4F57-A512-BA5275B78A89}.Release|Any CPU.Build.0 = Release|Any CPU
		{BFBB9D3A-E337-445B-943A-979548EF4117}.Debug|Any CPU.ActiveCfg = Debug|Any CPU
		{BFBB9D3A-E337-445B-943A-979548EF4117}.Debug|Any CPU.Build.0 = Debug|Any CPU
		{BFBB9D3A-E337-445B-943A-979548EF4117}.Release|Any CPU.ActiveCfg = Release|Any CPU
		{BFBB9D3A-E337-445B-943A-979548EF4117}.Release|Any CPU.Build.0 = Release|Any CPU
		{A676FFFA-FA14-4869-8F09-488E5110E318}.Debug|Any CPU.ActiveCfg = Debug|Any CPU
		{A676FFFA-FA14-4869-8F09-488E5110E318}.Debug|Any CPU.Build.0 = Debug|Any CPU
		{A676FFFA-FA14-4869-8F09-488E5110E318}.Release|Any CPU.ActiveCfg = Release|Any CPU
		{A676FFFA-FA14-4869-8F09-488E5110E318}.Release|Any CPU.Build.0 = Release|Any CPU
	EndGlobalSection
	GlobalSection(SolutionProperties) = preSolution
		HideSolutionNode = FALSE
	EndGlobalSection
	GlobalSection(ExtensibilityGlobals) = postSolution
		SolutionGuid = {1D5F679E-8BC5-4B87-AE88-4090610E236C}
	EndGlobalSection
EndGlobal
